
Microsoft Visual Studio Solution File, Format Version 12.00
# Visual Studio Version 16
VisualStudioVersion = 16.0.29230.47
MinimumVisualStudioVersion = 10.0.40219.1
Project("{2150E333-8FDC-42A3-9474-1A3956D46DE8}") = "Solution Items", "Solution Items", "{D251ED6E-BD4B-4556-A583-40C0ACBF89D8}"
	ProjectSection(SolutionItems) = preProject
		.gitignore = .gitignore
	EndProjectSection
EndProject
Project("{FAE04EC0-301F-11D3-BF4B-00C04F79EFBC}") = "AutumnYin.API", "AutumnYin.API\AutumnYin.API.csproj", "{31E9358F-E639-4E55-AB73-400DD54E2F4B}"
EndProject
Global
	GlobalSection(SolutionConfigurationPlatforms) = preSolution
		Debug|Any CPU = Debug|Any CPU
		Release|Any CPU = Release|Any CPU
	EndGlobalSection
	GlobalSection(ProjectConfigurationPlatforms) = postSolution
		{31E9358F-E639-4E55-AB73-400DD54E2F4B}.Debug|Any CPU.ActiveCfg = Debug|Any CPU
		{31E9358F-E639-4E55-AB73-400DD54E2F4B}.Debug|Any CPU.Build.0 = Debug|Any CPU
		{31E9358F-E639-4E55-AB73-400DD54E2F4B}.Release|Any CPU.ActiveCfg = Release|Any CPU
		{31E9358F-E639-4E55-AB73-400DD54E2F4B}.Release|Any CPU.Build.0 = Release|Any CPU
	EndGlobalSection
	GlobalSection(SolutionProperties) = preSolution
		HideSolutionNode = FALSE
	EndGlobalSection
	GlobalSection(ExtensibilityGlobals) = postSolution
		SolutionGuid = {4710FBA9-D28B-4183-81FA-E5A24F75FAC0}
	EndGlobalSection
EndGlobal
